
Microsoft Visual Studio Solution File, Format Version 12.00
# Visual Studio Version 17
VisualStudioVersion = 17.14.36518.9 d17.14
MinimumVisualStudioVersion = 10.0.40219.1
Project("{888888A0-9F3D-457C-B088-3A5042F75D52}") = "ChainedHashMap", "ChainedHashMap.pyproj", "{73A34D3E-71B7-4C9C-A181-483898889DDD}"
EndProject
Global
	GlobalSection(SolutionConfigurationPlatforms) = preSolution
		Debug|Any CPU = Debug|Any CPU
		Release|Any CPU = Release|Any CPU
	EndGlobalSection
	GlobalSection(ProjectConfigurationPlatforms) = postSolution
		{73A34D3E-71B7-4C9C-A181-483898889DDD}.Debug|Any CPU.ActiveCfg = Debug|Any CPU
		{73A34D3E-71B7-4C9C-A181-483898889DDD}.Release|Any CPU.ActiveCfg = Release|Any CPU
	EndGlobalSection
	GlobalSection(SolutionProperties) = preSolution
		HideSolutionNode = FALSE
	EndGlobalSection
	GlobalSection(ExtensibilityGlobals) = postSolution
		SolutionGuid = {3A47FDC5-1911-4C6C-BBC2-ED920E38B632}
	EndGlobalSection
EndGlobal
